
Microsoft Visual Studio Solution File, Format Version 12.00
# Visual Studio 2012
Project("{FAE04EC0-301F-11D3-BF4B-00C04F79EFBC}") = "EntityAndValueObjectBase.Infrastructure", "EntityAndValueObjectBase.Infrastructure\EntityAndValueObjectBase.Infrastructure.csproj", "{5B8EED18-F92A-4BF4-BD04-1234882D0502}"
EndProject
Project("{FAE04EC0-301F-11D3-BF4B-00C04F79EFBC}") = "EntityAndValueObjectBase.Infrastructure.Tests", "EntityAndValueObjectBase.Infrastructure.Tests\EntityAndValueObjectBase.Infrastructure.Tests.csproj", "{68F5A3CF-7F64-4D58-8A37-F814DEE1527C}"
EndProject
Global
	GlobalSection(SolutionConfigurationPlatforms) = preSolution
		Debug|Any CPU = Debug|Any CPU
		Release|Any CPU = Release|Any CPU
	EndGlobalSection
	GlobalSection(ProjectConfigurationPlatforms) = postSolution
		{5B8EED18-F92A-4BF4-BD04-1234882D0502}.Debug|Any CPU.ActiveCfg = Debug|Any CPU
		{5B8EED18-F92A-4BF4-BD04-1234882D0502}.Debug|Any CPU.Build.0 = Debug|Any CPU
		{5B8EED18-F92A-4BF4-BD04-1234882D0502}.Release|Any CPU.ActiveCfg = Release|Any CPU
		{5B8EED18-F92A-4BF4-BD04-1234882D0502}.Release|Any CPU.Build.0 = Release|Any CPU
		{68F5A3CF-7F64-4D58-8A37-F814DEE1527C}.Debug|Any CPU.ActiveCfg = Debug|Any CPU
		{68F5A3CF-7F64-4D58-8A37-F814DEE1527C}.Debug|Any CPU.Build.0 = Debug|Any CPU
		{68F5A3CF-7F64-4D58-8A37-F814DEE1527C}.Release|Any CPU.ActiveCfg = Release|Any CPU
		{68F5A3CF-7F64-4D58-8A37-F814DEE1527C}.Release|Any CPU.Build.0 = Release|Any CPU
	EndGlobalSection
	GlobalSection(SolutionProperties) = preSolution
		HideSolutionNode = FALSE
	EndGlobalSection
EndGlobal
